// !$*UTF8*$!
{
	archiveVersion = 1;
	classes = {
	};
	objectVersion = 56;
	objects = {

/* Begin PBXBuildFile section */
		0343AABF2BD96BCD00516FE9 /* BitCollections in Frameworks */ = {isa = PBXBuildFile; productRef = 0343AABE2BD96BCD00516FE9 /* BitCollections */; };
		0343AAC12BD96BCD00516FE9 /* Collections in Frameworks */ = {isa = PBXBuildFile; productRef = 0343AAC02BD96BCD00516FE9 /* Collections */; };
		0343AAC32BD96BCD00516FE9 /* DequeModule in Frameworks */ = {isa = PBXBuildFile; productRef = 0343AAC22BD96BCD00516FE9 /* DequeModule */; };
		0343AAC52BD96BCD00516FE9 /* HashTreeCollections in Frameworks */ = {isa = PBXBuildFile; productRef = 0343AAC42BD96BCD00516FE9 /* HashTreeCollections */; };
		0343AAC72BD96BCD00516FE9 /* HeapModule in Frameworks */ = {isa = PBXBuildFile; productRef = 0343AAC62BD96BCD00516FE9 /* HeapModule */; };
		0343ABEE2BE12F4000516FE9 /* LabFileOpenViewModel.swift in Sources */ = {isa = PBXBuildFile; fileRef = 0343ABED2BE12F4000516FE9 /* LabFileOpenViewModel.swift */; };
		0343ABF02BE1301500516FE9 /* LabAuthChartViewModel.swift in Sources */ = {isa = PBXBuildFile; fileRef = 0343ABEF2BE1301500516FE9 /* LabAuthChartViewModel.swift */; };
		0368545A2BBEB15000C2E095 /* LabESEventTypes.swift in Sources */ = {isa = PBXBuildFile; fileRef = 036854592BBEB15000C2E095 /* LabESEventTypes.swift */; };
		0368545C2BBEDD0D00C2E095 /* LabFileOpenJob.swift in Sources */ = {isa = PBXBuildFile; fileRef = 0368545B2BBEDD0D00C2E095 /* LabFileOpenJob.swift */; };
		0368545E2BBEF25700C2E095 /* LabFileOpenChartView.swift in Sources */ = {isa = PBXBuildFile; fileRef = 0368545D2BBEF25700C2E095 /* LabFileOpenChartView.swift */; };
		036854632BC3034900C2E095 /* LabAuthChartView.swift in Sources */ = {isa = PBXBuildFile; fileRef = 036854622BC3034900C2E095 /* LabAuthChartView.swift */; };
		036854662BC3E03C00C2E095 /* BitCollections in Frameworks */ = {isa = PBXBuildFile; productRef = 036854652BC3E03C00C2E095 /* BitCollections */; };
		036854682BC3E03C00C2E095 /* Collections in Frameworks */ = {isa = PBXBuildFile; productRef = 036854672BC3E03C00C2E095 /* Collections */; };
		0368546A2BC3E03C00C2E095 /* DequeModule in Frameworks */ = {isa = PBXBuildFile; productRef = 036854692BC3E03C00C2E095 /* DequeModule */; };
		0368546C2BC3E03C00C2E095 /* HashTreeCollections in Frameworks */ = {isa = PBXBuildFile; productRef = 0368546B2BC3E03C00C2E095 /* HashTreeCollections */; };
		0368546E2BC3E03C00C2E095 /* HeapModule in Frameworks */ = {isa = PBXBuildFile; productRef = 0368546D2BC3E03C00C2E095 /* HeapModule */; };
		0376118D2BB2CD850099B2D2 /* LabApp.swift in Sources */ = {isa = PBXBuildFile; fileRef = 0376118C2BB2CD850099B2D2 /* LabApp.swift */; };
		0376118F2BB2CD850099B2D2 /* LabMainView.swift in Sources */ = {isa = PBXBuildFile; fileRef = 0376118E2BB2CD850099B2D2 /* LabMainView.swift */; };
		037611912BB2CD860099B2D2 /* Assets.xcassets in Resources */ = {isa = PBXBuildFile; fileRef = 037611902BB2CD860099B2D2 /* Assets.xcassets */; };
		037611942BB2CD860099B2D2 /* Preview Assets.xcassets in Resources */ = {isa = PBXBuildFile; fileRef = 037611932BB2CD860099B2D2 /* Preview Assets.xcassets */; };
		0376119E2BB2E4510099B2D2 /* LabAllAuthJob.swift in Sources */ = {isa = PBXBuildFile; fileRef = 0376119D2BB2E4510099B2D2 /* LabAllAuthJob.swift */; };
		037611A12BB314960099B2D2 /* libEndpointSecurity.tbd in Frameworks */ = {isa = PBXBuildFile; fileRef = 037611A02BB3146C0099B2D2 /* libEndpointSecurity.tbd */; };
		03C1ABFA2BE39BE30099DA63 /* LabAntitamperingJob.swift in Sources */ = {isa = PBXBuildFile; fileRef = 03C1ABF92BE39BE30099DA63 /* LabAntitamperingJob.swift */; };
		03C1ABFC2BE39DEC0099DA63 /* LabESClient.swift in Sources */ = {isa = PBXBuildFile; fileRef = 03C1ABFB2BE39DEC0099DA63 /* LabESClient.swift */; };
		03C1ABFE2BE3A0BF0099DA63 /* LabESClientListenerProtocol.swift in Sources */ = {isa = PBXBuildFile; fileRef = 03C1ABFD2BE3A0BF0099DA63 /* LabESClientListenerProtocol.swift */; };
		03C1AC262BE3C86D0099DA63 /* libbsm.tbd in Frameworks */ = {isa = PBXBuildFile; fileRef = 03C1AC252BE3C8660099DA63 /* libbsm.tbd */; };
		03C1AC282BEB79E40099DA63 /* LabEventAnalisysJob.swift in Sources */ = {isa = PBXBuildFile; fileRef = 03C1AC272BEB79E40099DA63 /* LabEventAnalisysJob.swift */; };
/* End PBXBuildFile section */

/* Begin PBXFileReference section */
		0343ABED2BE12F4000516FE9 /* LabFileOpenViewModel.swift */ = {isa = PBXFileReference; fileEncoding = 4; lastKnownFileType = sourcecode.swift; path = LabFileOpenViewModel.swift; sourceTree = "<group>"; };
		0343ABEF2BE1301500516FE9 /* LabAuthChartViewModel.swift */ = {isa = PBXFileReference; fileEncoding = 4; lastKnownFileType = sourcecode.swift; path = LabAuthChartViewModel.swift; sourceTree = "<group>"; };
		036854592BBEB15000C2E095 /* LabESEventTypes.swift */ = {isa = PBXFileReference; lastKnownFileType = sourcecode.swift; path = LabESEventTypes.swift; sourceTree = "<group>"; };
		0368545B2BBEDD0D00C2E095 /* LabFileOpenJob.swift */ = {isa = PBXFileReference; fileEncoding = 4; lastKnownFileType = sourcecode.swift; path = LabFileOpenJob.swift; sourceTree = "<group>"; };
		0368545D2BBEF25700C2E095 /* LabFileOpenChartView.swift */ = {isa = PBXFileReference; lastKnownFileType = sourcecode.swift; path = LabFileOpenChartView.swift; sourceTree = "<group>"; };
		036854622BC3034900C2E095 /* LabAuthChartView.swift */ = {isa = PBXFileReference; lastKnownFileType = sourcecode.swift; path = LabAuthChartView.swift; sourceTree = "<group>"; };
		037611892BB2CD850099B2D2 /* EndpointSecurityLab.app */ = {isa = PBXFileReference; explicitFileType = wrapper.application; includeInIndex = 0; path = EndpointSecurityLab.app; sourceTree = BUILT_PRODUCTS_DIR; };
		0376118C2BB2CD850099B2D2 /* LabApp.swift */ = {isa = PBXFileReference; lastKnownFileType = sourcecode.swift; path = LabApp.swift; sourceTree = "<group>"; };
		0376118E2BB2CD850099B2D2 /* LabMainView.swift */ = {isa = PBXFileReference; lastKnownFileType = sourcecode.swift; path = LabMainView.swift; sourceTree = "<group>"; };
		037611902BB2CD860099B2D2 /* Assets.xcassets */ = {isa = PBXFileReference; lastKnownFileType = folder.assetcatalog; path = Assets.xcassets; sourceTree = "<group>"; };
		037611932BB2CD860099B2D2 /* Preview Assets.xcassets */ = {isa = PBXFileReference; lastKnownFileType = folder.assetcatalog; path = "Preview Assets.xcassets"; sourceTree = "<group>"; };
		037611952BB2CD860099B2D2 /* EndpointSecurityLab.entitlements */ = {isa = PBXFileReference; lastKnownFileType = text.plist.entitlements; path = EndpointSecurityLab.entitlements; sourceTree = "<group>"; };
		0376119D2BB2E4510099B2D2 /* LabAllAuthJob.swift */ = {isa = PBXFileReference; lastKnownFileType = sourcecode.swift; path = LabAllAuthJob.swift; sourceTree = "<group>"; };
		037611A02BB3146C0099B2D2 /* libEndpointSecurity.tbd */ = {isa = PBXFileReference; lastKnownFileType = "sourcecode.text-based-dylib-definition"; name = libEndpointSecurity.tbd; path = usr/lib/libEndpointSecurity.tbd; sourceTree = SDKROOT; };
		03C1ABF92BE39BE30099DA63 /* LabAntitamperingJob.swift */ = {isa = PBXFileReference; lastKnownFileType = sourcecode.swift; path = LabAntitamperingJob.swift; sourceTree = "<group>"; };
		03C1ABFB2BE39DEC0099DA63 /* LabESClient.swift */ = {isa = PBXFileReference; lastKnownFileType = sourcecode.swift; path = LabESClient.swift; sourceTree = "<group>"; };
		03C1ABFD2BE3A0BF0099DA63 /* LabESClientListenerProtocol.swift */ = {isa = PBXFileReference; lastKnownFileType = sourcecode.swift; path = LabESClientListenerProtocol.swift; sourceTree = "<group>"; };
		03C1AC252BE3C8660099DA63 /* libbsm.tbd */ = {isa = PBXFileReference; lastKnownFileType = "sourcecode.text-based-dylib-definition"; name = libbsm.tbd; path = usr/lib/libbsm.tbd; sourceTree = SDKROOT; };
		03C1AC272BEB79E40099DA63 /* LabEventAnalisysJob.swift */ = {isa = PBXFileReference; fileEncoding = 4; lastKnownFileType = sourcecode.swift; path = LabEventAnalisysJob.swift; sourceTree = "<group>"; };
/* End PBXFileReference section */

/* Begin PBXFrameworksBuildPhase section */
		037611862BB2CD850099B2D2 /* Frameworks */ = {
			isa = PBXFrameworksBuildPhase;
			buildActionMask = 2147483647;
			files = (
				0343AAC52BD96BCD00516FE9 /* HashTreeCollections in Frameworks */,
				0368546C2BC3E03C00C2E095 /* HashTreeCollections in Frameworks */,
				036854682BC3E03C00C2E095 /* Collections in Frameworks */,
				03C1AC262BE3C86D0099DA63 /* libbsm.tbd in Frameworks */,
				0343AAC12BD96BCD00516FE9 /* Collections in Frameworks */,
				0368546A2BC3E03C00C2E095 /* DequeModule in Frameworks */,
				036854662BC3E03C00C2E095 /* BitCollections in Frameworks */,
				0343AAC32BD96BCD00516FE9 /* DequeModule in Frameworks */,
				0343AABF2BD96BCD00516FE9 /* BitCollections in Frameworks */,
				0368546E2BC3E03C00C2E095 /* HeapModule in Frameworks */,
				0343AAC72BD96BCD00516FE9 /* HeapModule in Frameworks */,
				037611A12BB314960099B2D2 /* libEndpointSecurity.tbd in Frameworks */,
			);
			runOnlyForDeploymentPostprocessing = 0;
		};
/* End PBXFrameworksBuildPhase section */

/* Begin PBXGroup section */
		0343ABEC2BE12F0A00516FE9 /* View Model */ = {
			isa = PBXGroup;
			children = (
				0343ABEF2BE1301500516FE9 /* LabAuthChartViewModel.swift */,
				0343ABED2BE12F4000516FE9 /* LabFileOpenViewModel.swift */,
			);
			name = "View Model";
			sourceTree = "<group>";
		};
		0368545F2BBEF26E00C2E095 /* Supporting Files */ = {
			isa = PBXGroup;
			children = (
				037611902BB2CD860099B2D2 /* Assets.xcassets */,
				037611952BB2CD860099B2D2 /* EndpointSecurityLab.entitlements */,
			);
			name = "Supporting Files";
			sourceTree = "<group>";
		};
		036854A32BC59C1600C2E095 /* View */ = {
			isa = PBXGroup;
			children = (
				0376118E2BB2CD850099B2D2 /* LabMainView.swift */,
				036854622BC3034900C2E095 /* LabAuthChartView.swift */,
				0368545D2BBEF25700C2E095 /* LabFileOpenChartView.swift */,
			);
			name = View;
			sourceTree = "<group>";
		};
		037611802BB2CD850099B2D2 = {
			isa = PBXGroup;
			children = (
				0376118B2BB2CD850099B2D2 /* EndpointSecurityLab */,
				0376118A2BB2CD850099B2D2 /* Products */,
				0376119F2BB3146C0099B2D2 /* Frameworks */,
			);
			sourceTree = "<group>";
		};
		0376118A2BB2CD850099B2D2 /* Products */ = {
			isa = PBXGroup;
			children = (
				037611892BB2CD850099B2D2 /* EndpointSecurityLab.app */,
			);
			name = Products;
			sourceTree = "<group>";
		};
		0376118B2BB2CD850099B2D2 /* EndpointSecurityLab */ = {
			isa = PBXGroup;
			children = (
				0376118C2BB2CD850099B2D2 /* LabApp.swift */,
				03C1ABFB2BE39DEC0099DA63 /* LabESClient.swift */,
				03C1ABFD2BE3A0BF0099DA63 /* LabESClientListenerProtocol.swift */,
				03C1AC002BE3A6BA0099DA63 /* Model */,
				03C1ABFF2BE3A6410099DA63 /* Jobs */,
				036854A32BC59C1600C2E095 /* View */,
				0343ABEC2BE12F0A00516FE9 /* View Model */,
				0368545F2BBEF26E00C2E095 /* Supporting Files */,
				037611922BB2CD860099B2D2 /* Preview Content */,
			);
			path = EndpointSecurityLab;
			sourceTree = "<group>";
		};
		037611922BB2CD860099B2D2 /* Preview Content */ = {
			isa = PBXGroup;
			children = (
				037611932BB2CD860099B2D2 /* Preview Assets.xcassets */,
			);
			path = "Preview Content";
			sourceTree = "<group>";
		};
		0376119F2BB3146C0099B2D2 /* Frameworks */ = {
			isa = PBXGroup;
			children = (
				03C1AC252BE3C8660099DA63 /* libbsm.tbd */,
				037611A02BB3146C0099B2D2 /* libEndpointSecurity.tbd */,
			);
			name = Frameworks;
			sourceTree = "<group>";
		};
		03C1ABFF2BE3A6410099DA63 /* Jobs */ = {
			isa = PBXGroup;
			children = (
				03C1ABF92BE39BE30099DA63 /* LabAntitamperingJob.swift */,
				03C1AC272BEB79E40099DA63 /* LabEventAnalisysJob.swift */,
				0376119D2BB2E4510099B2D2 /* LabAllAuthJob.swift */,
				0368545B2BBEDD0D00C2E095 /* LabFileOpenJob.swift */,
			);
			name = Jobs;
			sourceTree = "<group>";
		};
		03C1AC002BE3A6BA0099DA63 /* Model */ = {
			isa = PBXGroup;
			children = (
				036854592BBEB15000C2E095 /* LabESEventTypes.swift */,
			);
			name = Model;
			sourceTree = "<group>";
		};
/* End PBXGroup section */

/* Begin PBXNativeTarget section */
		037611882BB2CD850099B2D2 /* EndpointSecurityLab */ = {
			isa = PBXNativeTarget;
			buildConfigurationList = 037611982BB2CD860099B2D2 /* Build configuration list for PBXNativeTarget "EndpointSecurityLab" */;
			buildPhases = (
				037611852BB2CD850099B2D2 /* Sources */,
				037611862BB2CD850099B2D2 /* Frameworks */,
				037611872BB2CD850099B2D2 /* Resources */,
			);
			buildRules = (
			);
			dependencies = (
			);
			name = EndpointSecurityLab;
			packageProductDependencies = (
				036854652BC3E03C00C2E095 /* BitCollections */,
				036854672BC3E03C00C2E095 /* Collections */,
				036854692BC3E03C00C2E095 /* DequeModule */,
				0368546B2BC3E03C00C2E095 /* HashTreeCollections */,
				0368546D2BC3E03C00C2E095 /* HeapModule */,
				0343AABE2BD96BCD00516FE9 /* BitCollections */,
				0343AAC02BD96BCD00516FE9 /* Collections */,
				0343AAC22BD96BCD00516FE9 /* DequeModule */,
				0343AAC42BD96BCD00516FE9 /* HashTreeCollections */,
				0343AAC62BD96BCD00516FE9 /* HeapModule */,
			);
			productName = EndpointSecurityLab;
			productReference = 037611892BB2CD850099B2D2 /* EndpointSecurityLab.app */;
			productType = "com.apple.product-type.application";
		};
/* End PBXNativeTarget section */

/* Begin PBXProject section */
		037611812BB2CD850099B2D2 /* Project object */ = {
			isa = PBXProject;
			attributes = {
				BuildIndependentTargetsInParallel = 1;
				LastSwiftUpdateCheck = 1510;
				LastUpgradeCheck = 1510;
				TargetAttributes = {
					037611882BB2CD850099B2D2 = {
						CreatedOnToolsVersion = 15.1;
					};
				};
			};
			buildConfigurationList = 037611842BB2CD850099B2D2 /* Build configuration list for PBXProject "EndpointSecurityLab" */;
			compatibilityVersion = "Xcode 14.0";
			developmentRegion = en;
			hasScannedForEncodings = 0;
			knownRegions = (
				en,
				Base,
			);
			mainGroup = 037611802BB2CD850099B2D2;
			packageReferences = (
				036854642BC3E03C00C2E095 /* XCRemoteSwiftPackageReference "swift-collections" */,
			);
			productRefGroup = 0376118A2BB2CD850099B2D2 /* Products */;
			projectDirPath = "";
			projectRoot = "";
			targets = (
				037611882BB2CD850099B2D2 /* EndpointSecurityLab */,
			);
		};
/* End PBXProject section */

/* Begin PBXResourcesBuildPhase section */
		037611872BB2CD850099B2D2 /* Resources */ = {
			isa = PBXResourcesBuildPhase;
			buildActionMask = 2147483647;
			files = (
				037611942BB2CD860099B2D2 /* Preview Assets.xcassets in Resources */,
				037611912BB2CD860099B2D2 /* Assets.xcassets in Resources */,
			);
			runOnlyForDeploymentPostprocessing = 0;
		};
/* End PBXResourcesBuildPhase section */

/* Begin PBXSourcesBuildPhase section */
		037611852BB2CD850099B2D2 /* Sources */ = {
			isa = PBXSourcesBuildPhase;
			buildActionMask = 2147483647;
			files = (
				03C1ABFA2BE39BE30099DA63 /* LabAntitamperingJob.swift in Sources */,
				0376118F2BB2CD850099B2D2 /* LabMainView.swift in Sources */,
				0368545C2BBEDD0D00C2E095 /* LabFileOpenJob.swift in Sources */,
				0343ABEE2BE12F4000516FE9 /* LabFileOpenViewModel.swift in Sources */,
				0376118D2BB2CD850099B2D2 /* LabApp.swift in Sources */,
				0368545A2BBEB15000C2E095 /* LabESEventTypes.swift in Sources */,
				03C1AC282BEB79E40099DA63 /* LabEventAnalisysJob.swift in Sources */,
				03C1ABFE2BE3A0BF0099DA63 /* LabESClientListenerProtocol.swift in Sources */,
				0376119E2BB2E4510099B2D2 /* LabAllAuthJob.swift in Sources */,
				0343ABF02BE1301500516FE9 /* LabAuthChartViewModel.swift in Sources */,
				03C1ABFC2BE39DEC0099DA63 /* LabESClient.swift in Sources */,
				0368545E2BBEF25700C2E095 /* LabFileOpenChartView.swift in Sources */,
				036854632BC3034900C2E095 /* LabAuthChartView.swift in Sources */,
			);
			runOnlyForDeploymentPostprocessing = 0;
		};
/* End PBXSourcesBuildPhase section */

/* Begin XCBuildConfiguration section */
		037611962BB2CD860099B2D2 /* Debug */ = {
			isa = XCBuildConfiguration;
			buildSettings = {
				ALWAYS_SEARCH_USER_PATHS = NO;
				ASSETCATALOG_COMPILER_GENERATE_SWIFT_ASSET_SYMBOL_EXTENSIONS = YES;
				CLANG_ANALYZER_NONNULL = YES;
				CLANG_ANALYZER_NUMBER_OBJECT_CONVERSION = YES_AGGRESSIVE;
				CLANG_CXX_LANGUAGE_STANDARD = "gnu++20";
				CLANG_ENABLE_MODULES = YES;
				CLANG_ENABLE_OBJC_ARC = YES;
				CLANG_ENABLE_OBJC_WEAK = YES;
				CLANG_WARN_BLOCK_CAPTURE_AUTORELEASING = YES;
				CLANG_WARN_BOOL_CONVERSION = YES;
				CLANG_WARN_COMMA = YES;
				CLANG_WARN_CONSTANT_CONVERSION = YES;
				CLANG_WARN_DEPRECATED_OBJC_IMPLEMENTATIONS = YES;
				CLANG_WARN_DIRECT_OBJC_ISA_USAGE = YES_ERROR;
				CLANG_WARN_DOCUMENTATION_COMMENTS = YES;
				CLANG_WARN_EMPTY_BODY = YES;
				CLANG_WARN_ENUM_CONVERSION = YES;
				CLANG_WARN_INFINITE_RECURSION = YES;
				CLANG_WARN_INT_CONVERSION = YES;
				CLANG_WARN_NON_LITERAL_NULL_CONVERSION = YES;
				CLANG_WARN_OBJC_IMPLICIT_RETAIN_SELF = YES;
				CLANG_WARN_OBJC_LITERAL_CONVERSION = YES;
				CLANG_WARN_OBJC_ROOT_CLASS = YES_ERROR;
				CLANG_WARN_QUOTED_INCLUDE_IN_FRAMEWORK_HEADER = YES;
				CLANG_WARN_RANGE_LOOP_ANALYSIS = YES;
				CLANG_WARN_STRICT_PROTOTYPES = YES;
				CLANG_WARN_SUSPICIOUS_MOVE = YES;
				CLANG_WARN_UNGUARDED_AVAILABILITY = YES_AGGRESSIVE;
				CLANG_WARN_UNREACHABLE_CODE = YES;
				CLANG_WARN__DUPLICATE_METHOD_MATCH = YES;
				COPY_PHASE_STRIP = NO;
				DEBUG_INFORMATION_FORMAT = dwarf;
				ENABLE_STRICT_OBJC_MSGSEND = YES;
				ENABLE_TESTABILITY = YES;
				ENABLE_USER_SCRIPT_SANDBOXING = YES;
				GCC_C_LANGUAGE_STANDARD = gnu17;
				GCC_DYNAMIC_NO_PIC = NO;
				GCC_NO_COMMON_BLOCKS = YES;
				GCC_OPTIMIZATION_LEVEL = 0;
				GCC_PREPROCESSOR_DEFINITIONS = (
					"DEBUG=1",
					"$(inherited)",
				);
				GCC_WARN_64_TO_32_BIT_CONVERSION = YES;
				GCC_WARN_ABOUT_RETURN_TYPE = YES_ERROR;
				GCC_WARN_UNDECLARED_SELECTOR = YES;
				GCC_WARN_UNINITIALIZED_AUTOS = YES_AGGRESSIVE;
				GCC_WARN_UNUSED_FUNCTION = YES;
				GCC_WARN_UNUSED_VARIABLE = YES;
				LOCALIZATION_PREFERS_STRING_CATALOGS = YES;
				MACOSX_DEPLOYMENT_TARGET = 13.6;
				MTL_ENABLE_DEBUG_INFO = INCLUDE_SOURCE;
				MTL_FAST_MATH = YES;
				ONLY_ACTIVE_ARCH = YES;
				SDKROOT = macosx;
				SWIFT_ACTIVE_COMPILATION_CONDITIONS = "DEBUG $(inherited)";
				SWIFT_OPTIMIZATION_LEVEL = "-Onone";
			};
			name = Debug;
		};
		037611972BB2CD860099B2D2 /* Release */ = {
			isa = XCBuildConfiguration;
			buildSettings = {
				ALWAYS_SEARCH_USER_PATHS = NO;
				ASSETCATALOG_COMPILER_GENERATE_SWIFT_ASSET_SYMBOL_EXTENSIONS = YES;
				CLANG_ANALYZER_NONNULL = YES;
				CLANG_ANALYZER_NUMBER_OBJECT_CONVERSION = YES_AGGRESSIVE;
				CLANG_CXX_LANGUAGE_STANDARD = "gnu++20";
				CLANG_ENABLE_MODULES = YES;
				CLANG_ENABLE_OBJC_ARC = YES;
				CLANG_ENABLE_OBJC_WEAK = YES;
				CLANG_WARN_BLOCK_CAPTURE_AUTORELEASING = YES;
				CLANG_WARN_BOOL_CONVERSION = YES;
				CLANG_WARN_COMMA = YES;
				CLANG_WARN_CONSTANT_CONVERSION = YES;
				CLANG_WARN_DEPRECATED_OBJC_IMPLEMENTATIONS = YES;
				CLANG_WARN_DIRECT_OBJC_ISA_USAGE = YES_ERROR;
				CLANG_WARN_DOCUMENTATION_COMMENTS = YES;
				CLANG_WARN_EMPTY_BODY = YES;
				CLANG_WARN_ENUM_CONVERSION = YES;
				CLANG_WARN_INFINITE_RECURSION = YES;
				CLANG_WARN_INT_CONVERSION = YES;
				CLANG_WARN_NON_LITERAL_NULL_CONVERSION = YES;
				CLANG_WARN_OBJC_IMPLICIT_RETAIN_SELF = YES;
				CLANG_WARN_OBJC_LITERAL_CONVERSION = YES;
				CLANG_WARN_OBJC_ROOT_CLASS = YES_ERROR;
				CLANG_WARN_QUOTED_INCLUDE_IN_FRAMEWORK_HEADER = YES;
				CLANG_WARN_RANGE_LOOP_ANALYSIS = YES;
				CLANG_WARN_STRICT_PROTOTYPES = YES;
				CLANG_WARN_SUSPICIOUS_MOVE = YES;
				CLANG_WARN_UNGUARDED_AVAILABILITY = YES_AGGRESSIVE;
				CLANG_WARN_UNREACHABLE_CODE = YES;
				CLANG_WARN__DUPLICATE_METHOD_MATCH = YES;
				COPY_PHASE_STRIP = NO;
				DEBUG_INFORMATION_FORMAT = "dwarf-with-dsym";
				ENABLE_NS_ASSERTIONS = NO;
				ENABLE_STRICT_OBJC_MSGSEND = YES;
				ENABLE_USER_SCRIPT_SANDBOXING = YES;
				GCC_C_LANGUAGE_STANDARD = gnu17;
				GCC_NO_COMMON_BLOCKS = YES;
				GCC_WARN_64_TO_32_BIT_CONVERSION = YES;
				GCC_WARN_ABOUT_RETURN_TYPE = YES_ERROR;
				GCC_WARN_UNDECLARED_SELECTOR = YES;
				GCC_WARN_UNINITIALIZED_AUTOS = YES_AGGRESSIVE;
				GCC_WARN_UNUSED_FUNCTION = YES;
				GCC_WARN_UNUSED_VARIABLE = YES;
				LOCALIZATION_PREFERS_STRING_CATALOGS = YES;
				MACOSX_DEPLOYMENT_TARGET = 13.6;
				MTL_ENABLE_DEBUG_INFO = NO;
				MTL_FAST_MATH = YES;
				SDKROOT = macosx;
				SWIFT_COMPILATION_MODE = wholemodule;
			};
			name = Release;
		};
		037611992BB2CD860099B2D2 /* Debug */ = {
			isa = XCBuildConfiguration;
			buildSettings = {
				ASSETCATALOG_COMPILER_APPICON_NAME = AppIcon;
				ASSETCATALOG_COMPILER_GLOBAL_ACCENT_COLOR_NAME = AccentColor;
				ASSETCATALOG_COMPILER_INCLUDE_ALL_APPICON_ASSETS = NO;
				CODE_SIGN_ENTITLEMENTS = EndpointSecurityLab/EndpointSecurityLab.entitlements;
				"CODE_SIGN_IDENTITY[sdk=macosx*]" = "Mac Developer";
				CODE_SIGN_STYLE = Manual;
				COMBINE_HIDPI_IMAGES = YES;
				CURRENT_PROJECT_VERSION = 1;
				DEVELOPMENT_ASSET_PATHS = "\"EndpointSecurityLab/Preview Content\"";
				DEVELOPMENT_TEAM = "";
				"DEVELOPMENT_TEAM[sdk=macosx*]" = PCBCQZJ7S7;
				ENABLE_HARDENED_RUNTIME = YES;
				ENABLE_PREVIEWS = YES;
				GENERATE_INFOPLIST_FILE = YES;
				HEADER_SEARCH_PATHS = "\"$(SRCROOT)/../../Github-Zscaler/Corporate/zdp_endpoint/zep/zep_metrics/inc\"";
				INFOPLIST_KEY_CFBundleDisplayName = "Endpoint Security Lab";
				INFOPLIST_KEY_LSApplicationCategoryType = "public.app-category.developer-tools";
				INFOPLIST_KEY_NSHumanReadableCopyright = "";
				LD_RUNPATH_SEARCH_PATHS = (
					"$(inherited)",
					"@executable_path/../Frameworks",
				);
				MACOSX_DEPLOYMENT_TARGET = 13.0;
				MARKETING_VERSION = 0.1.2;
				PRODUCT_BUNDLE_IDENTIFIER = com.zscaler.zdp.EndpointSecurityLab;
				PRODUCT_NAME = "$(TARGET_NAME)";
				"PROVISIONING_PROFILE_SPECIFIER[sdk=macosx*]" = "ZDP Endpoint Security Lab DEV";
				SWIFT_EMIT_LOC_STRINGS = YES;
				SWIFT_VERSION = 5.0;
			};
			name = Debug;
		};
		0376119A2BB2CD860099B2D2 /* Release */ = {
			isa = XCBuildConfiguration;
			buildSettings = {
				ASSETCATALOG_COMPILER_APPICON_NAME = AppIcon;
				ASSETCATALOG_COMPILER_GLOBAL_ACCENT_COLOR_NAME = AccentColor;
				ASSETCATALOG_COMPILER_INCLUDE_ALL_APPICON_ASSETS = NO;
				CODE_SIGN_ENTITLEMENTS = EndpointSecurityLab/EndpointSecurityLab.entitlements;
				"CODE_SIGN_IDENTITY[sdk=macosx*]" = "Mac Developer";
				CODE_SIGN_STYLE = Manual;
				COMBINE_HIDPI_IMAGES = YES;
				CURRENT_PROJECT_VERSION = 1;
				DEVELOPMENT_ASSET_PATHS = "\"EndpointSecurityLab/Preview Content\"";
				DEVELOPMENT_TEAM = "";
				"DEVELOPMENT_TEAM[sdk=macosx*]" = PCBCQZJ7S7;
				ENABLE_HARDENED_RUNTIME = YES;
				ENABLE_PREVIEWS = YES;
				GENERATE_INFOPLIST_FILE = YES;
				HEADER_SEARCH_PATHS = "\"$(SRCROOT)/../../Github-Zscaler/Corporate/zdp_endpoint/zep/zep_metrics/inc\"";
				INFOPLIST_KEY_CFBundleDisplayName = "Endpoint Security Lab";
				INFOPLIST_KEY_LSApplicationCategoryType = "public.app-category.developer-tools";
				INFOPLIST_KEY_NSHumanReadableCopyright = "";
				LD_RUNPATH_SEARCH_PATHS = (
					"$(inherited)",
					"@executable_path/../Frameworks",
				);
				MACOSX_DEPLOYMENT_TARGET = 13.0;
				MARKETING_VERSION = 0.1.2;
				PRODUCT_BUNDLE_IDENTIFIER = com.zscaler.zdp.EndpointSecurityLab;
				PRODUCT_NAME = "$(TARGET_NAME)";
				"PROVISIONING_PROFILE_SPECIFIER[sdk=macosx*]" = "ZDP Endpoint Security Lab DEV";
				SWIFT_EMIT_LOC_STRINGS = YES;
				SWIFT_VERSION = 5.0;
			};
			name = Release;
		};
/* End XCBuildConfiguration section */

/* Begin XCConfigurationList section */
		037611842BB2CD850099B2D2 /* Build configuration list for PBXProject "EndpointSecurityLab" */ = {
			isa = XCConfigurationList;
			buildConfigurations = (
				037611962BB2CD860099B2D2 /* Debug */,
				037611972BB2CD860099B2D2 /* Release */,
			);
			defaultConfigurationIsVisible = 0;
			defaultConfigurationName = Release;
		};
		037611982BB2CD860099B2D2 /* Build configuration list for PBXNativeTarget "EndpointSecurityLab" */ = {
			isa = XCConfigurationList;
			buildConfigurations = (
				037611992BB2CD860099B2D2 /* Debug */,
				0376119A2BB2CD860099B2D2 /* Release */,
			);
			defaultConfigurationIsVisible = 0;
			defaultConfigurationName = Release;
		};
/* End XCConfigurationList section */

/* Begin XCRemoteSwiftPackageReference section */
		036854642BC3E03C00C2E095 /* XCRemoteSwiftPackageReference "swift-collections" */ = {
			isa = XCRemoteSwiftPackageReference;
			repositoryURL = "https://github.com/apple/swift-collections.git";
			requirement = {
				kind = upToNextMajorVersion;
				minimumVersion = 1.1.0;
			};
		};
/* End XCRemoteSwiftPackageReference section */

/* Begin XCSwiftPackageProductDependency section */
		0343AABE2BD96BCD00516FE9 /* BitCollections */ = {
			isa = XCSwiftPackageProductDependency;
			package = 036854642BC3E03C00C2E095 /* XCRemoteSwiftPackageReference "swift-collections" */;
			productName = BitCollections;
		};
		0343AAC02BD96BCD00516FE9 /* Collections */ = {
			isa = XCSwiftPackageProductDependency;
			package = 036854642BC3E03C00C2E095 /* XCRemoteSwiftPackageReference "swift-collections" */;
			productName = Collections;
		};
		0343AAC22BD96BCD00516FE9 /* DequeModule */ = {
			isa = XCSwiftPackageProductDependency;
			package = 036854642BC3E03C00C2E095 /* XCRemoteSwiftPackageReference "swift-collections" */;
			productName = DequeModule;
		};
		0343AAC42BD96BCD00516FE9 /* HashTreeCollections */ = {
			isa = XCSwiftPackageProductDependency;
			package = 036854642BC3E03C00C2E095 /* XCRemoteSwiftPackageReference "swift-collections" */;
			productName = HashTreeCollections;
		};
		0343AAC62BD96BCD00516FE9 /* HeapModule */ = {
			isa = XCSwiftPackageProductDependency;
			package = 036854642BC3E03C00C2E095 /* XCRemoteSwiftPackageReference "swift-collections" */;
			productName = HeapModule;
		};
		036854652BC3E03C00C2E095 /* BitCollections */ = {
			isa = XCSwiftPackageProductDependency;
			package = 036854642BC3E03C00C2E095 /* XCRemoteSwiftPackageReference "swift-collections" */;
			productName = BitCollections;
		};
		036854672BC3E03C00C2E095 /* Collections */ = {
			isa = XCSwiftPackageProductDependency;
			package = 036854642BC3E03C00C2E095 /* XCRemoteSwiftPackageReference "swift-collections" */;
			productName = Collections;
		};
		036854692BC3E03C00C2E095 /* DequeModule */ = {
			isa = XCSwiftPackageProductDependency;
			package = 036854642BC3E03C00C2E095 /* XCRemoteSwiftPackageReference "swift-collections" */;
			productName = DequeModule;
		};
		0368546B2BC3E03C00C2E095 /* HashTreeCollections */ = {
			isa = XCSwiftPackageProductDependency;
			package = 036854642BC3E03C00C2E095 /* XCRemoteSwiftPackageReference "swift-collections" */;
			productName = HashTreeCollections;
		};
		0368546D2BC3E03C00C2E095 /* HeapModule */ = {
			isa = XCSwiftPackageProductDependency;
			package = 036854642BC3E03C00C2E095 /* XCRemoteSwiftPackageReference "swift-collections" */;
			productName = HeapModule;
		};
/* End XCSwiftPackageProductDependency section */
	};
	rootObject = 037611812BB2CD850099B2D2 /* Project object */;
}
